
Microsoft Visual Studio Solution File, Format Version 12.00
Project("{FAE04EC0-301F-11D3-BF4B-00C04F79EFBC}") = "Day1", "Day1\Day1.csproj", "{59F73B27-1E09-4A4A-8814-2AB951EAEF9D}"
EndProject
Project("{2150E333-8FDC-42A3-9474-1A3956D46DE8}") = "SolutionItems", "SolutionItems", "{B73A0302-952E-42D6-925D-ABCB95684477}"
	ProjectSection(SolutionItems) = preProject
		..\.gitignore = ..\.gitignore
	EndProjectSection
EndProject
Project("{FAE04EC0-301F-11D3-BF4B-00C04F79EFBC}") = "Day2", "Day2\Day2.csproj", "{800C2FDF-74D4-4589-BD9D-138010944566}"
EndProject
Project("{FAE04EC0-301F-11D3-BF4B-00C04F79EFBC}") = "Day3", "Day3\Day3.csproj", "{F9FCE9A8-8CAF-4D51-950A-DDBF3F6BAA22}"
EndProject
Project("{FAE04EC0-301F-11D3-BF4B-00C04F79EFBC}") = "Utils", "Utils\Utils.csproj", "{5D044141-D8B8-4BA1-B244-9EB7C469D9F4}"
EndProject
Project("{FAE04EC0-301F-11D3-BF4B-00C04F79EFBC}") = "UnitTests", "UnitTests\UnitTests.csproj", "{202C0094-606E-441B-865F-1B1C8FA58669}"
EndProject
Project("{F2A71F9B-5D33-465A-A702-920D77279786}") = "Day4", "Day4\Day4.fsproj", "{5AAFC3D0-A9C5-4697-88DC-8D5BD6CB4D86}"
EndProject
Project("{F2A71F9B-5D33-465A-A702-920D77279786}") = "Day5", "Day5\Day5.fsproj", "{CFFC4C6A-05A9-426C-AC55-6DA48F1515D4}"
EndProject
Project("{F2A71F9B-5D33-465A-A702-920D77279786}") = "Day6", "Day6\Day6.fsproj", "{3F84F261-BD0F-4E4B-9E07-6D06F9BC2296}"
EndProject
Project("{F2A71F9B-5D33-465A-A702-920D77279786}") = "Day7", "Day7\Day7.fsproj", "{1C173A56-6BA3-4843-9205-F0578302E74E}"
EndProject
Project("{F2A71F9B-5D33-465A-A702-920D77279786}") = "FSharpTests", "FSharpTests\FSharpTests.fsproj", "{CE41E638-5369-424D-8291-43725D8C5F78}"
EndProject
Global
	GlobalSection(SolutionConfigurationPlatforms) = preSolution
		Debug|Any CPU = Debug|Any CPU
		Release|Any CPU = Release|Any CPU
	EndGlobalSection
	GlobalSection(ProjectConfigurationPlatforms) = postSolution
		{59F73B27-1E09-4A4A-8814-2AB951EAEF9D}.Debug|Any CPU.ActiveCfg = Debug|Any CPU
		{59F73B27-1E09-4A4A-8814-2AB951EAEF9D}.Debug|Any CPU.Build.0 = Debug|Any CPU
		{59F73B27-1E09-4A4A-8814-2AB951EAEF9D}.Release|Any CPU.ActiveCfg = Release|Any CPU
		{59F73B27-1E09-4A4A-8814-2AB951EAEF9D}.Release|Any CPU.Build.0 = Release|Any CPU
		{800C2FDF-74D4-4589-BD9D-138010944566}.Debug|Any CPU.ActiveCfg = Debug|Any CPU
		{800C2FDF-74D4-4589-BD9D-138010944566}.Debug|Any CPU.Build.0 = Debug|Any CPU
		{800C2FDF-74D4-4589-BD9D-138010944566}.Release|Any CPU.ActiveCfg = Release|Any CPU
		{800C2FDF-74D4-4589-BD9D-138010944566}.Release|Any CPU.Build.0 = Release|Any CPU
		{F9FCE9A8-8CAF-4D51-950A-DDBF3F6BAA22}.Debug|Any CPU.ActiveCfg = Debug|Any CPU
		{F9FCE9A8-8CAF-4D51-950A-DDBF3F6BAA22}.Debug|Any CPU.Build.0 = Debug|Any CPU
		{F9FCE9A8-8CAF-4D51-950A-DDBF3F6BAA22}.Release|Any CPU.ActiveCfg = Release|Any CPU
		{F9FCE9A8-8CAF-4D51-950A-DDBF3F6BAA22}.Release|Any CPU.Build.0 = Release|Any CPU
		{5D044141-D8B8-4BA1-B244-9EB7C469D9F4}.Debug|Any CPU.ActiveCfg = Debug|Any CPU
		{5D044141-D8B8-4BA1-B244-9EB7C469D9F4}.Debug|Any CPU.Build.0 = Debug|Any CPU
		{5D044141-D8B8-4BA1-B244-9EB7C469D9F4}.Release|Any CPU.ActiveCfg = Release|Any CPU
		{5D044141-D8B8-4BA1-B244-9EB7C469D9F4}.Release|Any CPU.Build.0 = Release|Any CPU
		{202C0094-606E-441B-865F-1B1C8FA58669}.Debug|Any CPU.ActiveCfg = Debug|Any CPU
		{202C0094-606E-441B-865F-1B1C8FA58669}.Debug|Any CPU.Build.0 = Debug|Any CPU
		{202C0094-606E-441B-865F-1B1C8FA58669}.Release|Any CPU.ActiveCfg = Release|Any CPU
		{202C0094-606E-441B-865F-1B1C8FA58669}.Release|Any CPU.Build.0 = Release|Any CPU
		{5AAFC3D0-A9C5-4697-88DC-8D5BD6CB4D86}.Debug|Any CPU.ActiveCfg = Debug|Any CPU
		{5AAFC3D0-A9C5-4697-88DC-8D5BD6CB4D86}.Debug|Any CPU.Build.0 = Debug|Any CPU
		{5AAFC3D0-A9C5-4697-88DC-8D5BD6CB4D86}.Release|Any CPU.ActiveCfg = Release|Any CPU
		{5AAFC3D0-A9C5-4697-88DC-8D5BD6CB4D86}.Release|Any CPU.Build.0 = Release|Any CPU
		{CFFC4C6A-05A9-426C-AC55-6DA48F1515D4}.Debug|Any CPU.ActiveCfg = Debug|Any CPU
		{CFFC4C6A-05A9-426C-AC55-6DA48F1515D4}.Debug|Any CPU.Build.0 = Debug|Any CPU
		{CFFC4C6A-05A9-426C-AC55-6DA48F1515D4}.Release|Any CPU.ActiveCfg = Release|Any CPU
		{CFFC4C6A-05A9-426C-AC55-6DA48F1515D4}.Release|Any CPU.Build.0 = Release|Any CPU
		{3F84F261-BD0F-4E4B-9E07-6D06F9BC2296}.Debug|Any CPU.ActiveCfg = Debug|Any CPU
		{3F84F261-BD0F-4E4B-9E07-6D06F9BC2296}.Debug|Any CPU.Build.0 = Debug|Any CPU
		{3F84F261-BD0F-4E4B-9E07-6D06F9BC2296}.Release|Any CPU.ActiveCfg = Release|Any CPU
		{3F84F261-BD0F-4E4B-9E07-6D06F9BC2296}.Release|Any CPU.Build.0 = Release|Any CPU
		{1C173A56-6BA3-4843-9205-F0578302E74E}.Debug|Any CPU.ActiveCfg = Debug|Any CPU
		{1C173A56-6BA3-4843-9205-F0578302E74E}.Debug|Any CPU.Build.0 = Debug|Any CPU
		{1C173A56-6BA3-4843-9205-F0578302E74E}.Release|Any CPU.ActiveCfg = Release|Any CPU
		{1C173A56-6BA3-4843-9205-F0578302E74E}.Release|Any CPU.Build.0 = Release|Any CPU
		{CE41E638-5369-424D-8291-43725D8C5F78}.Debug|Any CPU.ActiveCfg = Debug|Any CPU
		{CE41E638-5369-424D-8291-43725D8C5F78}.Debug|Any CPU.Build.0 = Debug|Any CPU
		{CE41E638-5369-424D-8291-43725D8C5F78}.Release|Any CPU.ActiveCfg = Release|Any CPU
		{CE41E638-5369-424D-8291-43725D8C5F78}.Release|Any CPU.Build.0 = Release|Any CPU
	EndGlobalSection
	GlobalSection(NestedProjects) = preSolution
	EndGlobalSection
EndGlobal
